<?xml version="1.0" encoding="utf-8"?>
<Project ToolsVersion="4.0" xmlns="http://schemas.microsoft.com/developer/msbuild/2003">
  <ItemGroup>
    <Filter Include="Source Files">
      <UniqueIdentifier>{4FC737F1-C7A5-4376-A066-2A32D752A2FF}</UniqueIdentifier>
      <Extensions>cpp;c;cc;cxx;c++;cppm;ixx;def;odl;idl;hpj;bat;asm;asmx</Extensions>
    </Filter>
    <Filter Include="Header Files">
      <UniqueIdentifier>{93995380-89BD-4b04-88EB-625FBE52EBFB}</UniqueIdentifier>
      <Extensions>h;hh;hpp;hxx;h++;hm;inl;inc;ipp;xsd</Extensions>
    </Filter>
    <Filter Include="Resource Files">
      <UniqueIdentifier>{67DA6AB6-F800-4c08-8B7A-83BB121AAD01}</UniqueIdentifier>
      <Extensions>rc;ico;cur;bmp;dlg;rc2;rct;bin;rgs;gif;jpg;jpeg;jpe;resx;tiff;tif;png;wav;mfcribbon-ms</Extensions>
    </Filter>
  </ItemGroup>
  <ItemGroup>
    <ClCompile Include="src\Minesweeper.cpp">
      <Filter>Source Files</Filter>
    </ClCompile>
    <ClCompile Include="lib\Game.cpp">
      <Filter>Source Files</Filter>
    </ClCompile>
    <ClCompile Include="lib\Input\Player.cpp">
      <Filter>Source Files</Filter>
    </ClCompile>
    <ClCompile Include="lib\State\State.cpp">
      <Filter>Source Files</Filter>
    </ClCompile>
    <ClCompile Include="lib\Engine\Engine.cpp">
      <Filter>Source Files</Filter>
    </ClCompile>
    <ClCompile Include="lib\Display\Display.cpp">
      <Filter>Source Files</Filter>
    </ClCompile>
    <ClCompile Include="lib\Common\Common.cpp">
      <Filter>Source Files</Filter>
    </ClCompile>
    <ClCompile Include="lib\Board\Board.cpp">
      <Filter>Source Files</Filter>
    </ClCompile>
    <ClCompile Include="lib\Board\StandartBoard.cpp">
      <Filter>Source Files</Filter>
    </ClCompile>
    <ClCompile Include="lib\Board\CustomBoard.cpp">
      <Filter>Source Files</Filter>
    </ClCompile>
  </ItemGroup>
  <ItemGroup>
    <ClInclude Include="lib\Display\Display.hpp">
      <Filter>Header Files</Filter>
    </ClInclude>
    <ClInclude Include="lib\Engine\Engine.hpp">
      <Filter>Header Files</Filter>
    </ClInclude>
    <ClInclude Include="lib\Input\Player.hpp">
      <Filter>Header Files</Filter>
    </ClInclude>
    <ClInclude Include="lib\Game.hpp">
      <Filter>Header Files</Filter>
    </ClInclude>
    <ClInclude Include="lib\State\State.hpp">
      <Filter>Header Files</Filter>
    </ClInclude>
    <ClInclude Include="lib\Common\Common.hpp">
      <Filter>Header Files</Filter>
    </ClInclude>
    <ClInclude Include="lib\Board\Board.hpp">
      <Filter>Header Files</Filter>
    </ClInclude>
    <ClInclude Include="lib\Board\StandartBoard.hpp">
      <Filter>Header Files</Filter>
    </ClInclude>
    <ClInclude Include="lib\Board\CustomBoard.hpp">
      <Filter>Header Files</Filter>
    </ClInclude>
    <ClInclude Include="lib\Board\BoardSettings.hpp">
      <Filter>Header Files</Filter>
    </ClInclude>
    <ClInclude Include="lib\Display\BoardDisplay.hpp">
      <Filter>Header Files</Filter>
    </ClInclude>
    <ClInclude Include="lib\Display\MenuDisplay.hpp">
      <Filter>Header Files</Filter>
    </ClInclude>
    <ClInclude Include="lib\Input\InputHandler.hpp">
      <Filter>Header Files</Filter>
    </ClInclude>
    <ClInclude Include="lib\Input\SimpleInputHandler.hpp">
      <Filter>Header Files</Filter>
    </ClInclude>
    <ClInclude Include="lib\Input\AdvancedInputHandler.hpp">
      <Filter>Header Files</Filter>
    </ClInclude>
    <ClInclude Include="lib\Common\String.hpp">
      <Filter>Header Files</Filter>
    </ClInclude>
    <ClInclude Include="lib\Common\List.hpp">
      <Filter>Header Files</Filter>
    </ClInclude>
    <ClInclude Include="lib\Common\GlobalConstants.hpp">
      <Filter>Header Files</Filter>
    </ClInclude>
    <ClInclude Include="lib\Common\App.hpp">
      <Filter>Header Files</Filter>
    </ClInclude>
    <ClInclude Include="lib\Board\BoardMarks.hpp">
      <Filter>Header Files</Filter>
    </ClInclude>
    <ClInclude Include="lib\Engine\Move.hpp">
      <Filter>Header Files</Filter>
    </ClInclude>
    <ClInclude Include="lib\Engine\EngineState.hpp">
      <Filter>Header Files</Filter>
    </ClInclude>
    <ClInclude Include="lib\Board\BoardSize.hpp">
      <Filter>Header Files</Filter>
    </ClInclude>
    <ClInclude Include="lib\Board\BoardSymbols.hpp">
      <Filter>Header Files</Filter>
    </ClInclude>
    <ClInclude Include="lib\Input\InputData.hpp">
      <Filter>Header Files</Filter>
    </ClInclude>
    <ClInclude Include="lib\State\Command.hpp">
      <Filter>Header Files</Filter>
    </ClInclude>
  </ItemGroup>
  <ItemGroup>
    <None Include="assets\settings.json" />
    <None Include="README.md" />
  </ItemGroup>
</Project>